
Microsoft Visual Studio Solution File, Format Version 12.00
# Visual Studio 15
VisualStudioVersion = 15.0.27428.2015
MinimumVisualStudioVersion = 10.0.40219.1
Project("{FAE04EC0-301F-11D3-BF4B-00C04F79EFBC}") = "ShoppingCart.Test", "ShoppingCart.Test\ShoppingCart.Test.csproj", "{96A7AB4C-4A7D-4081-B3DE-EC41362AC967}"
EndProject
Project("{9A19103F-16F7-4668-BE54-9A1E7A4F7556}") = "ShoppingCart", "ShoppingCart\ShoppingCart.csproj", "{80C8D56C-FEB6-4C85-8B4F-2422504114D1}"
EndProject
Project("{FAE04EC0-301F-11D3-BF4B-00C04F79EFBC}") = "ShoppingCart.Example", "ShoppingCart.Example\ShoppingCart.Example.csproj", "{AD12D387-9551-43A8-90B8-F23E77424C91}"
EndProject
Global
	GlobalSection(SolutionConfigurationPlatforms) = preSolution
		Debug|Any CPU = Debug|Any CPU
		Release|Any CPU = Release|Any CPU
	EndGlobalSection
	GlobalSection(ProjectConfigurationPlatforms) = postSolution
		{96A7AB4C-4A7D-4081-B3DE-EC41362AC967}.Debug|Any CPU.ActiveCfg = Debug|Any CPU
		{96A7AB4C-4A7D-4081-B3DE-EC41362AC967}.Debug|Any CPU.Build.0 = Debug|Any CPU
		{96A7AB4C-4A7D-4081-B3DE-EC41362AC967}.Release|Any CPU.ActiveCfg = Release|Any CPU
		{96A7AB4C-4A7D-4081-B3DE-EC41362AC967}.Release|Any CPU.Build.0 = Release|Any CPU
		{80C8D56C-FEB6-4C85-8B4F-2422504114D1}.Debug|Any CPU.ActiveCfg = Debug|Any CPU
		{80C8D56C-FEB6-4C85-8B4F-2422504114D1}.Debug|Any CPU.Build.0 = Debug|Any CPU
		{80C8D56C-FEB6-4C85-8B4F-2422504114D1}.Release|Any CPU.ActiveCfg = Release|Any CPU
		{80C8D56C-FEB6-4C85-8B4F-2422504114D1}.Release|Any CPU.Build.0 = Release|Any CPU
		{AD12D387-9551-43A8-90B8-F23E77424C91}.Debug|Any CPU.ActiveCfg = Debug|Any CPU
		{AD12D387-9551-43A8-90B8-F23E77424C91}.Debug|Any CPU.Build.0 = Debug|Any CPU
		{AD12D387-9551-43A8-90B8-F23E77424C91}.Release|Any CPU.ActiveCfg = Release|Any CPU
		{AD12D387-9551-43A8-90B8-F23E77424C91}.Release|Any CPU.Build.0 = Release|Any CPU
	EndGlobalSection
	GlobalSection(SolutionProperties) = preSolution
		HideSolutionNode = FALSE
	EndGlobalSection
	GlobalSection(ExtensibilityGlobals) = postSolution
		SolutionGuid = {034D4564-09FE-4B89-8F5C-19310F314469}
	EndGlobalSection
EndGlobal
